// !$*UTF8*$!
{
	archiveVersion = 1;
	classes = {
	};
	objectVersion = 56;
	objects = {

/* Begin PBXBuildFile section */
		0268E7E62BF40D510039C296 /* TimeTrackingAttribute.swift in Sources */ = {isa = PBXBuildFile; fileRef = 0268E7E52BF40D510039C296 /* TimeTrackingAttribute.swift */; };
		0268E7EF2BF42C040039C296 /* WidgetKit.framework in Frameworks */ = {isa = PBXBuildFile; fileRef = 0268E7EE2BF42C040039C296 /* WidgetKit.framework */; };
		0268E7F12BF42C040039C296 /* SwiftUI.framework in Frameworks */ = {isa = PBXBuildFile; fileRef = 0268E7F02BF42C040039C296 /* SwiftUI.framework */; };
		0268E7F42BF42C040039C296 /* Tutorial_WidgetBundle.swift in Sources */ = {isa = PBXBuildFile; fileRef = 0268E7F32BF42C040039C296 /* Tutorial_WidgetBundle.swift */; };
		0268E7F62BF42C040039C296 /* Tutorial_Widget.swift in Sources */ = {isa = PBXBuildFile; fileRef = 0268E7F52BF42C040039C296 /* Tutorial_Widget.swift */; };
		0268E7F82BF42C0A0039C296 /* Assets.xcassets in Resources */ = {isa = PBXBuildFile; fileRef = 0268E7F72BF42C0A0039C296 /* Assets.xcassets */; };
		0268E7FC2BF42C0A0039C296 /* Tutorial_WidgetExtension.appex in Embed Foundation Extensions */ = {isa = PBXBuildFile; fileRef = 0268E7EC2BF42C040039C296 /* Tutorial_WidgetExtension.appex */; settings = {ATTRIBUTES = (RemoveHeadersOnCopy, ); }; };
		0268E8012BF42E4E0039C296 /* TimeTrackingAttribute.swift in Sources */ = {isa = PBXBuildFile; fileRef = 0268E7E52BF40D510039C296 /* TimeTrackingAttribute.swift */; };
		0268E8052BF448EE0039C296 /* Tutorial_Widget.swift in Sources */ = {isa = PBXBuildFile; fileRef = 0268E7F52BF42C040039C296 /* Tutorial_Widget.swift */; };
		0296A9DF2BF2C3550060E229 /* TimeTrackingAttributeApp.swift in Sources */ = {isa = PBXBuildFile; fileRef = 0296A9DE2BF2C3550060E229 /* TimeTrackingAttributeApp.swift */; };
		0296A9E12BF2C3550060E229 /* ContentView.swift in Sources */ = {isa = PBXBuildFile; fileRef = 0296A9E02BF2C3550060E229 /* ContentView.swift */; };
		0296A9E32BF2C35A0060E229 /* Assets.xcassets in Resources */ = {isa = PBXBuildFile; fileRef = 0296A9E22BF2C35A0060E229 /* Assets.xcassets */; };
		0296A9E62BF2C35A0060E229 /* Preview Assets.xcassets in Resources */ = {isa = PBXBuildFile; fileRef = 0296A9E52BF2C35A0060E229 /* Preview Assets.xcassets */; };
		0296A9F02BF2C35B0060E229 /* TimeTrackingAttributeTests.swift in Sources */ = {isa = PBXBuildFile; fileRef = 0296A9EF2BF2C35B0060E229 /* TimeTrackingAttributeTests.swift */; };
		0296A9FA2BF2C35B0060E229 /* TimeTrackingAttributeUITests.swift in Sources */ = {isa = PBXBuildFile; fileRef = 0296A9F92BF2C35B0060E229 /* TimeTrackingAttributeUITests.swift */; };
		0296A9FC2BF2C35B0060E229 /* TimeTrackingAttributeUITestsLaunchTests.swift in Sources */ = {isa = PBXBuildFile; fileRef = 0296A9FB2BF2C35B0060E229 /* TimeTrackingAttributeUITestsLaunchTests.swift */; };
/* End PBXBuildFile section */

/* Begin PBXContainerItemProxy section */
		0268E7FA2BF42C0A0039C296 /* PBXContainerItemProxy */ = {
			isa = PBXContainerItemProxy;
			containerPortal = 0296A9D32BF2C3550060E229 /* Project object */;
			proxyType = 1;
			remoteGlobalIDString = 0268E7EB2BF42C040039C296;
			remoteInfo = Tutorial_WidgetExtension;
		};
		0296A9EC2BF2C35B0060E229 /* PBXContainerItemProxy */ = {
			isa = PBXContainerItemProxy;
			containerPortal = 0296A9D32BF2C3550060E229 /* Project object */;
			proxyType = 1;
			remoteGlobalIDString = 0296A9DA2BF2C3550060E229;
			remoteInfo = TimeTrackingAttribute;
		};
		0296A9F62BF2C35B0060E229 /* PBXContainerItemProxy */ = {
			isa = PBXContainerItemProxy;
			containerPortal = 0296A9D32BF2C3550060E229 /* Project object */;
			proxyType = 1;
			remoteGlobalIDString = 0296A9DA2BF2C3550060E229;
			remoteInfo = TimeTrackingAttribute;
		};
/* End PBXContainerItemProxy section */

/* Begin PBXCopyFilesBuildPhase section */
		0268E8002BF42C0A0039C296 /* Embed Foundation Extensions */ = {
			isa = PBXCopyFilesBuildPhase;
			buildActionMask = 2147483647;
			dstPath = "";
			dstSubfolderSpec = 13;
			files = (
				0268E7FC2BF42C0A0039C296 /* Tutorial_WidgetExtension.appex in Embed Foundation Extensions */,
			);
			name = "Embed Foundation Extensions";
			runOnlyForDeploymentPostprocessing = 0;
		};
/* End PBXCopyFilesBuildPhase section */

/* Begin PBXFileReference section */
		0268E7E52BF40D510039C296 /* TimeTrackingAttribute.swift */ = {isa = PBXFileReference; lastKnownFileType = sourcecode.swift; path = TimeTrackingAttribute.swift; sourceTree = "<group>"; };
		0268E7E72BF429FA0039C296 /* Info.plist */ = {isa = PBXFileReference; lastKnownFileType = text.plist; path = Info.plist; sourceTree = "<group>"; };
		0268E7EC2BF42C040039C296 /* Tutorial_WidgetExtension.appex */ = {isa = PBXFileReference; explicitFileType = "wrapper.app-extension"; includeInIndex = 0; path = Tutorial_WidgetExtension.appex; sourceTree = BUILT_PRODUCTS_DIR; };
		0268E7EE2BF42C040039C296 /* WidgetKit.framework */ = {isa = PBXFileReference; lastKnownFileType = wrapper.framework; name = WidgetKit.framework; path = System/Library/Frameworks/WidgetKit.framework; sourceTree = SDKROOT; };
		0268E7F02BF42C040039C296 /* SwiftUI.framework */ = {isa = PBXFileReference; lastKnownFileType = wrapper.framework; name = SwiftUI.framework; path = System/Library/Frameworks/SwiftUI.framework; sourceTree = SDKROOT; };
		0268E7F32BF42C040039C296 /* Tutorial_WidgetBundle.swift */ = {isa = PBXFileReference; lastKnownFileType = sourcecode.swift; path = Tutorial_WidgetBundle.swift; sourceTree = "<group>"; };
		0268E7F52BF42C040039C296 /* Tutorial_Widget.swift */ = {isa = PBXFileReference; lastKnownFileType = sourcecode.swift; path = Tutorial_Widget.swift; sourceTree = "<group>"; };
		0268E7F72BF42C0A0039C296 /* Assets.xcassets */ = {isa = PBXFileReference; lastKnownFileType = folder.assetcatalog; path = Assets.xcassets; sourceTree = "<group>"; };
		0268E7F92BF42C0A0039C296 /* Info.plist */ = {isa = PBXFileReference; lastKnownFileType = text.plist.xml; path = Info.plist; sourceTree = "<group>"; };
		0296A9DB2BF2C3550060E229 /* TimeTrackingAttribute.app */ = {isa = PBXFileReference; explicitFileType = wrapper.application; includeInIndex = 0; path = TimeTrackingAttribute.app; sourceTree = BUILT_PRODUCTS_DIR; };
		0296A9DE2BF2C3550060E229 /* TimeTrackingAttributeApp.swift */ = {isa = PBXFileReference; lastKnownFileType = sourcecode.swift; path = TimeTrackingAttributeApp.swift; sourceTree = "<group>"; };
		0296A9E02BF2C3550060E229 /* ContentView.swift */ = {isa = PBXFileReference; lastKnownFileType = sourcecode.swift; path = ContentView.swift; sourceTree = "<group>"; };
		0296A9E22BF2C35A0060E229 /* Assets.xcassets */ = {isa = PBXFileReference; lastKnownFileType = folder.assetcatalog; path = Assets.xcassets; sourceTree = "<group>"; };
		0296A9E52BF2C35A0060E229 /* Preview Assets.xcassets */ = {isa = PBXFileReference; lastKnownFileType = folder.assetcatalog; path = "Preview Assets.xcassets"; sourceTree = "<group>"; };
		0296A9EB2BF2C35B0060E229 /* TimeTrackingAttributeTests.xctest */ = {isa = PBXFileReference; explicitFileType = wrapper.cfbundle; includeInIndex = 0; path = TimeTrackingAttributeTests.xctest; sourceTree = BUILT_PRODUCTS_DIR; };
		0296A9EF2BF2C35B0060E229 /* TimeTrackingAttributeTests.swift */ = {isa = PBXFileReference; lastKnownFileType = sourcecode.swift; path = TimeTrackingAttributeTests.swift; sourceTree = "<group>"; };
		0296A9F52BF2C35B0060E229 /* TimeTrackingAttributeUITests.xctest */ = {isa = PBXFileReference; explicitFileType = wrapper.cfbundle; includeInIndex = 0; path = TimeTrackingAttributeUITests.xctest; sourceTree = BUILT_PRODUCTS_DIR; };
		0296A9F92BF2C35B0060E229 /* TimeTrackingAttributeUITests.swift */ = {isa = PBXFileReference; lastKnownFileType = sourcecode.swift; path = TimeTrackingAttributeUITests.swift; sourceTree = "<group>"; };
		0296A9FB2BF2C35B0060E229 /* TimeTrackingAttributeUITestsLaunchTests.swift */ = {isa = PBXFileReference; lastKnownFileType = sourcecode.swift; path = TimeTrackingAttributeUITestsLaunchTests.swift; sourceTree = "<group>"; };
/* End PBXFileReference section */

/* Begin PBXFrameworksBuildPhase section */
		0268E7E92BF42C040039C296 /* Frameworks */ = {
			isa = PBXFrameworksBuildPhase;
			buildActionMask = 2147483647;
			files = (
				0268E7F12BF42C040039C296 /* SwiftUI.framework in Frameworks */,
				0268E7EF2BF42C040039C296 /* WidgetKit.framework in Frameworks */,
			);
			runOnlyForDeploymentPostprocessing = 0;
		};
		0296A9D82BF2C3550060E229 /* Frameworks */ = {
			isa = PBXFrameworksBuildPhase;
			buildActionMask = 2147483647;
			files = (
			);
			runOnlyForDeploymentPostprocessing = 0;
		};
		0296A9E82BF2C35B0060E229 /* Frameworks */ = {
			isa = PBXFrameworksBuildPhase;
			buildActionMask = 2147483647;
			files = (
			);
			runOnlyForDeploymentPostprocessing = 0;
		};
		0296A9F22BF2C35B0060E229 /* Frameworks */ = {
			isa = PBXFrameworksBuildPhase;
			buildActionMask = 2147483647;
			files = (
			);
			runOnlyForDeploymentPostprocessing = 0;
		};
/* End PBXFrameworksBuildPhase section */

/* Begin PBXGroup section */
		0268E7ED2BF42C040039C296 /* Frameworks */ = {
			isa = PBXGroup;
			children = (
				0268E7EE2BF42C040039C296 /* WidgetKit.framework */,
				0268E7F02BF42C040039C296 /* SwiftUI.framework */,
			);
			name = Frameworks;
			sourceTree = "<group>";
		};
		0268E7F22BF42C040039C296 /* Tutorial_Widget */ = {
			isa = PBXGroup;
			children = (
				0268E7F32BF42C040039C296 /* Tutorial_WidgetBundle.swift */,
				0268E7F52BF42C040039C296 /* Tutorial_Widget.swift */,
				0268E7F72BF42C0A0039C296 /* Assets.xcassets */,
				0268E7F92BF42C0A0039C296 /* Info.plist */,
			);
			path = Tutorial_Widget;
			sourceTree = "<group>";
		};
		0296A9D22BF2C3550060E229 = {
			isa = PBXGroup;
			children = (
				0296A9DD2BF2C3550060E229 /* TimeTrackingAttribute */,
				0296A9EE2BF2C35B0060E229 /* TimeTrackingAttributeTests */,
				0296A9F82BF2C35B0060E229 /* TimeTrackingAttributeUITests */,
				0268E7F22BF42C040039C296 /* Tutorial_Widget */,
				0268E7ED2BF42C040039C296 /* Frameworks */,
				0296A9DC2BF2C3550060E229 /* Products */,
			);
			sourceTree = "<group>";
		};
		0296A9DC2BF2C3550060E229 /* Products */ = {
			isa = PBXGroup;
			children = (
				0296A9DB2BF2C3550060E229 /* TimeTrackingAttribute.app */,
				0296A9EB2BF2C35B0060E229 /* TimeTrackingAttributeTests.xctest */,
				0296A9F52BF2C35B0060E229 /* TimeTrackingAttributeUITests.xctest */,
				0268E7EC2BF42C040039C296 /* Tutorial_WidgetExtension.appex */,
			);
			name = Products;
			sourceTree = "<group>";
		};
		0296A9DD2BF2C3550060E229 /* TimeTrackingAttribute */ = {
			isa = PBXGroup;
			children = (
				0268E7E72BF429FA0039C296 /* Info.plist */,
				0268E7E52BF40D510039C296 /* TimeTrackingAttribute.swift */,
				0296A9DE2BF2C3550060E229 /* TimeTrackingAttributeApp.swift */,
				0296A9E02BF2C3550060E229 /* ContentView.swift */,
				0296A9E22BF2C35A0060E229 /* Assets.xcassets */,
				0296A9E42BF2C35A0060E229 /* Preview Content */,
			);
			path = TimeTrackingAttribute;
			sourceTree = "<group>";
		};
		0296A9E42BF2C35A0060E229 /* Preview Content */ = {
			isa = PBXGroup;
			children = (
				0296A9E52BF2C35A0060E229 /* Preview Assets.xcassets */,
			);
			path = "Preview Content";
			sourceTree = "<group>";
		};
		0296A9EE2BF2C35B0060E229 /* TimeTrackingAttributeTests */ = {
			isa = PBXGroup;
			children = (
				0296A9EF2BF2C35B0060E229 /* TimeTrackingAttributeTests.swift */,
			);
			path = TimeTrackingAttributeTests;
			sourceTree = "<group>";
		};
		0296A9F82BF2C35B0060E229 /* TimeTrackingAttributeUITests */ = {
			isa = PBXGroup;
			children = (
				0296A9F92BF2C35B0060E229 /* TimeTrackingAttributeUITests.swift */,
				0296A9FB2BF2C35B0060E229 /* TimeTrackingAttributeUITestsLaunchTests.swift */,
			);
			path = TimeTrackingAttributeUITests;
			sourceTree = "<group>";
		};
/* End PBXGroup section */

/* Begin PBXNativeTarget section */
		0268E7EB2BF42C040039C296 /* Tutorial_WidgetExtension */ = {
			isa = PBXNativeTarget;
			buildConfigurationList = 0268E7FD2BF42C0A0039C296 /* Build configuration list for PBXNativeTarget "Tutorial_WidgetExtension" */;
			buildPhases = (
				0268E7E82BF42C040039C296 /* Sources */,
				0268E7E92BF42C040039C296 /* Frameworks */,
				0268E7EA2BF42C040039C296 /* Resources */,
			);
			buildRules = (
			);
			dependencies = (
			);
			name = Tutorial_WidgetExtension;
			productName = Tutorial_WidgetExtension;
			productReference = 0268E7EC2BF42C040039C296 /* Tutorial_WidgetExtension.appex */;
			productType = "com.apple.product-type.app-extension";
		};
		0296A9DA2BF2C3550060E229 /* TimeTrackingAttribute */ = {
			isa = PBXNativeTarget;
			buildConfigurationList = 0296A9FF2BF2C35B0060E229 /* Build configuration list for PBXNativeTarget "TimeTrackingAttribute" */;
			buildPhases = (
				0296A9D72BF2C3550060E229 /* Sources */,
				0296A9D82BF2C3550060E229 /* Frameworks */,
				0296A9D92BF2C3550060E229 /* Resources */,
				0268E8002BF42C0A0039C296 /* Embed Foundation Extensions */,
			);
			buildRules = (
			);
			dependencies = (
				0268E7FB2BF42C0A0039C296 /* PBXTargetDependency */,
			);
			name = TimeTrackingAttribute;
			productName = TimeTrackingAttribute;
			productReference = 0296A9DB2BF2C3550060E229 /* TimeTrackingAttribute.app */;
			productType = "com.apple.product-type.application";
		};
		0296A9EA2BF2C35B0060E229 /* TimeTrackingAttributeTests */ = {
			isa = PBXNativeTarget;
			buildConfigurationList = 0296AA022BF2C35B0060E229 /* Build configuration list for PBXNativeTarget "TimeTrackingAttributeTests" */;
			buildPhases = (
				0296A9E72BF2C35B0060E229 /* Sources */,
				0296A9E82BF2C35B0060E229 /* Frameworks */,
				0296A9E92BF2C35B0060E229 /* Resources */,
			);
			buildRules = (
			);
			dependencies = (
				0296A9ED2BF2C35B0060E229 /* PBXTargetDependency */,
			);
			name = TimeTrackingAttributeTests;
			productName = TimeTrackingAttributeTests;
			productReference = 0296A9EB2BF2C35B0060E229 /* TimeTrackingAttributeTests.xctest */;
			productType = "com.apple.product-type.bundle.unit-test";
		};
		0296A9F42BF2C35B0060E229 /* TimeTrackingAttributeUITests */ = {
			isa = PBXNativeTarget;
			buildConfigurationList = 0296AA052BF2C35B0060E229 /* Build configuration list for PBXNativeTarget "TimeTrackingAttributeUITests" */;
			buildPhases = (
				0296A9F12BF2C35B0060E229 /* Sources */,
				0296A9F22BF2C35B0060E229 /* Frameworks */,
				0296A9F32BF2C35B0060E229 /* Resources */,
			);
			buildRules = (
			);
			dependencies = (
				0296A9F72BF2C35B0060E229 /* PBXTargetDependency */,
			);
			name = TimeTrackingAttributeUITests;
			productName = TimeTrackingAttributeUITests;
			productReference = 0296A9F52BF2C35B0060E229 /* TimeTrackingAttributeUITests.xctest */;
			productType = "com.apple.product-type.bundle.ui-testing";
		};
/* End PBXNativeTarget section */

/* Begin PBXProject section */
		0296A9D32BF2C3550060E229 /* Project object */ = {
			isa = PBXProject;
			attributes = {
				BuildIndependentTargetsInParallel = 1;
				LastSwiftUpdateCheck = 1530;
				LastUpgradeCheck = 1530;
				TargetAttributes = {
					0268E7EB2BF42C040039C296 = {
						CreatedOnToolsVersion = 15.3;
					};
					0296A9DA2BF2C3550060E229 = {
						CreatedOnToolsVersion = 15.3;
					};
					0296A9EA2BF2C35B0060E229 = {
						CreatedOnToolsVersion = 15.3;
						TestTargetID = 0296A9DA2BF2C3550060E229;
					};
					0296A9F42BF2C35B0060E229 = {
						CreatedOnToolsVersion = 15.3;
						TestTargetID = 0296A9DA2BF2C3550060E229;
					};
				};
			};
			buildConfigurationList = 0296A9D62BF2C3550060E229 /* Build configuration list for PBXProject "TimeTrackingAttribute" */;
			compatibilityVersion = "Xcode 14.0";
			developmentRegion = en;
			hasScannedForEncodings = 0;
			knownRegions = (
				en,
				Base,
			);
			mainGroup = 0296A9D22BF2C3550060E229;
			productRefGroup = 0296A9DC2BF2C3550060E229 /* Products */;
			projectDirPath = "";
			projectRoot = "";
			targets = (
				0296A9DA2BF2C3550060E229 /* TimeTrackingAttribute */,
				0296A9EA2BF2C35B0060E229 /* TimeTrackingAttributeTests */,
				0296A9F42BF2C35B0060E229 /* TimeTrackingAttributeUITests */,
				0268E7EB2BF42C040039C296 /* Tutorial_WidgetExtension */,
			);
		};
/* End PBXProject section */

/* Begin PBXResourcesBuildPhase section */
		0268E7EA2BF42C040039C296 /* Resources */ = {
			isa = PBXResourcesBuildPhase;
			buildActionMask = 2147483647;
			files = (
				0268E7F82BF42C0A0039C296 /* Assets.xcassets in Resources */,
			);
			runOnlyForDeploymentPostprocessing = 0;
		};
		0296A9D92BF2C3550060E229 /* Resources */ = {
			isa = PBXResourcesBuildPhase;
			buildActionMask = 2147483647;
			files = (
				0296A9E62BF2C35A0060E229 /* Preview Assets.xcassets in Resources */,
				0296A9E32BF2C35A0060E229 /* Assets.xcassets in Resources */,
			);
			runOnlyForDeploymentPostprocessing = 0;
		};
		0296A9E92BF2C35B0060E229 /* Resources */ = {
			isa = PBXResourcesBuildPhase;
			buildActionMask = 2147483647;
			files = (
			);
			runOnlyForDeploymentPostprocessing = 0;
		};
		0296A9F32BF2C35B0060E229 /* Resources */ = {
			isa = PBXResourcesBuildPhase;
			buildActionMask = 2147483647;
			files = (
			);
			runOnlyForDeploymentPostprocessing = 0;
		};
/* End PBXResourcesBuildPhase section */

/* Begin PBXSourcesBuildPhase section */
		0268E7E82BF42C040039C296 /* Sources */ = {
			isa = PBXSourcesBuildPhase;
			buildActionMask = 2147483647;
			files = (
				0268E8012BF42E4E0039C296 /* TimeTrackingAttribute.swift in Sources */,
				0268E7F42BF42C040039C296 /* Tutorial_WidgetBundle.swift in Sources */,
				0268E7F62BF42C040039C296 /* Tutorial_Widget.swift in Sources */,
			);
			runOnlyForDeploymentPostprocessing = 0;
		};
		0296A9D72BF2C3550060E229 /* Sources */ = {
			isa = PBXSourcesBuildPhase;
			buildActionMask = 2147483647;
			files = (
				0268E7E62BF40D510039C296 /* TimeTrackingAttribute.swift in Sources */,
				0296A9E12BF2C3550060E229 /* ContentView.swift in Sources */,
				0296A9DF2BF2C3550060E229 /* TimeTrackingAttributeApp.swift in Sources */,
				0268E8052BF448EE0039C296 /* Tutorial_Widget.swift in Sources */,
			);
			runOnlyForDeploymentPostprocessing = 0;
		};
		0296A9E72BF2C35B0060E229 /* Sources */ = {
			isa = PBXSourcesBuildPhase;
			buildActionMask = 2147483647;
			files = (
				0296A9F02BF2C35B0060E229 /* TimeTrackingAttributeTests.swift in Sources */,
			);
			runOnlyForDeploymentPostprocessing = 0;
		};
		0296A9F12BF2C35B0060E229 /* Sources */ = {
			isa = PBXSourcesBuildPhase;
			buildActionMask = 2147483647;
			files = (
				0296A9FA2BF2C35B0060E229 /* TimeTrackingAttributeUITests.swift in Sources */,
				0296A9FC2BF2C35B0060E229 /* TimeTrackingAttributeUITestsLaunchTests.swift in Sources */,
			);
			runOnlyForDeploymentPostprocessing = 0;
		};
/* End PBXSourcesBuildPhase section */

/* Begin PBXTargetDependency section */
		0268E7FB2BF42C0A0039C296 /* PBXTargetDependency */ = {
			isa = PBXTargetDependency;
			target = 0268E7EB2BF42C040039C296 /* Tutorial_WidgetExtension */;
			targetProxy = 0268E7FA2BF42C0A0039C296 /* PBXContainerItemProxy */;
		};
		0296A9ED2BF2C35B0060E229 /* PBXTargetDependency */ = {
			isa = PBXTargetDependency;
			target = 0296A9DA2BF2C3550060E229 /* TimeTrackingAttribute */;
			targetProxy = 0296A9EC2BF2C35B0060E229 /* PBXContainerItemProxy */;
		};
		0296A9F72BF2C35B0060E229 /* PBXTargetDependency */ = {
			isa = PBXTargetDependency;
			target = 0296A9DA2BF2C3550060E229 /* TimeTrackingAttribute */;
			targetProxy = 0296A9F62BF2C35B0060E229 /* PBXContainerItemProxy */;
		};
/* End PBXTargetDependency section */

/* Begin XCBuildConfiguration section */
		0268E7FE2BF42C0A0039C296 /* Debug */ = {
			isa = XCBuildConfiguration;
			buildSettings = {
				ASSETCATALOG_COMPILER_GLOBAL_ACCENT_COLOR_NAME = AccentColor;
				ASSETCATALOG_COMPILER_WIDGET_BACKGROUND_COLOR_NAME = WidgetBackground;
				CODE_SIGN_STYLE = Automatic;
				CURRENT_PROJECT_VERSION = 1;
				GENERATE_INFOPLIST_FILE = YES;
				INFOPLIST_FILE = Tutorial_Widget/Info.plist;
				INFOPLIST_KEY_CFBundleDisplayName = Tutorial_Widget;
				INFOPLIST_KEY_NSHumanReadableCopyright = "";
				LD_RUNPATH_SEARCH_PATHS = (
					"$(inherited)",
					"@executable_path/Frameworks",
					"@executable_path/../../Frameworks",
				);
				MARKETING_VERSION = 1.0;
				PRODUCT_BUNDLE_IDENTIFIER = "d.TimeTrackingAttribute.Tutorial-Widget";
				PRODUCT_NAME = "$(TARGET_NAME)";
				SKIP_INSTALL = YES;
				SWIFT_EMIT_LOC_STRINGS = YES;
				SWIFT_VERSION = 5.0;
				TARGETED_DEVICE_FAMILY = "1,2";
			};
			name = Debug;
		};
		0268E7FF2BF42C0A0039C296 /* Release */ = {
			isa = XCBuildConfiguration;
			buildSettings = {
				ASSETCATALOG_COMPILER_GLOBAL_ACCENT_COLOR_NAME = AccentColor;
				ASSETCATALOG_COMPILER_WIDGET_BACKGROUND_COLOR_NAME = WidgetBackground;
				CODE_SIGN_STYLE = Automatic;
				CURRENT_PROJECT_VERSION = 1;
				GENERATE_INFOPLIST_FILE = YES;
				INFOPLIST_FILE = Tutorial_Widget/Info.plist;
				INFOPLIST_KEY_CFBundleDisplayName = Tutorial_Widget;
				INFOPLIST_KEY_NSHumanReadableCopyright = "";
				LD_RUNPATH_SEARCH_PATHS = (
					"$(inherited)",
					"@executable_path/Frameworks",
					"@executable_path/../../Frameworks",
				);
				MARKETING_VERSION = 1.0;
				PRODUCT_BUNDLE_IDENTIFIER = "d.TimeTrackingAttribute.Tutorial-Widget";
				PRODUCT_NAME = "$(TARGET_NAME)";
				SKIP_INSTALL = YES;
				SWIFT_EMIT_LOC_STRINGS = YES;
				SWIFT_VERSION = 5.0;
				TARGETED_DEVICE_FAMILY = "1,2";
			};
			name = Release;
		};
		0296A9FD2BF2C35B0060E229 /* Debug */ = {
			isa = XCBuildConfiguration;
			buildSettings = {
				ALWAYS_SEARCH_USER_PATHS = NO;
				ASSETCATALOG_COMPILER_GENERATE_SWIFT_ASSET_SYMBOL_EXTENSIONS = YES;
				CLANG_ANALYZER_NONNULL = YES;
				CLANG_ANALYZER_NUMBER_OBJECT_CONVERSION = YES_AGGRESSIVE;
				CLANG_CXX_LANGUAGE_STANDARD = "gnu++20";
				CLANG_ENABLE_MODULES = YES;
				CLANG_ENABLE_OBJC_ARC = YES;
				CLANG_ENABLE_OBJC_WEAK = YES;
				CLANG_WARN_BLOCK_CAPTURE_AUTORELEASING = YES;
				CLANG_WARN_BOOL_CONVERSION = YES;
				CLANG_WARN_COMMA = YES;
				CLANG_WARN_CONSTANT_CONVERSION = YES;
				CLANG_WARN_DEPRECATED_OBJC_IMPLEMENTATIONS = YES;
				CLANG_WARN_DIRECT_OBJC_ISA_USAGE = YES_ERROR;
				CLANG_WARN_DOCUMENTATION_COMMENTS = YES;
				CLANG_WARN_EMPTY_BODY = YES;
				CLANG_WARN_ENUM_CONVERSION = YES;
				CLANG_WARN_INFINITE_RECURSION = YES;
				CLANG_WARN_INT_CONVERSION = YES;
				CLANG_WARN_NON_LITERAL_NULL_CONVERSION = YES;
				CLANG_WARN_OBJC_IMPLICIT_RETAIN_SELF = YES;
				CLANG_WARN_OBJC_LITERAL_CONVERSION = YES;
				CLANG_WARN_OBJC_ROOT_CLASS = YES_ERROR;
				CLANG_WARN_QUOTED_INCLUDE_IN_FRAMEWORK_HEADER = YES;
				CLANG_WARN_RANGE_LOOP_ANALYSIS = YES;
				CLANG_WARN_STRICT_PROTOTYPES = YES;
				CLANG_WARN_SUSPICIOUS_MOVE = YES;
				CLANG_WARN_UNGUARDED_AVAILABILITY = YES_AGGRESSIVE;
				CLANG_WARN_UNREACHABLE_CODE = YES;
				CLANG_WARN__DUPLICATE_METHOD_MATCH = YES;
				COPY_PHASE_STRIP = NO;
				DEBUG_INFORMATION_FORMAT = dwarf;
				ENABLE_STRICT_OBJC_MSGSEND = YES;
				ENABLE_TESTABILITY = YES;
				ENABLE_USER_SCRIPT_SANDBOXING = YES;
				GCC_C_LANGUAGE_STANDARD = gnu17;
				GCC_DYNAMIC_NO_PIC = NO;
				GCC_NO_COMMON_BLOCKS = YES;
				GCC_OPTIMIZATION_LEVEL = 0;
				GCC_PREPROCESSOR_DEFINITIONS = (
					"DEBUG=1",
					"$(inherited)",
				);
				GCC_WARN_64_TO_32_BIT_CONVERSION = YES;
				GCC_WARN_ABOUT_RETURN_TYPE = YES_ERROR;
				GCC_WARN_UNDECLARED_SELECTOR = YES;
				GCC_WARN_UNINITIALIZED_AUTOS = YES_AGGRESSIVE;
				GCC_WARN_UNUSED_FUNCTION = YES;
				GCC_WARN_UNUSED_VARIABLE = YES;
				IPHONEOS_DEPLOYMENT_TARGET = 17.4;
				LOCALIZATION_PREFERS_STRING_CATALOGS = YES;
				MTL_ENABLE_DEBUG_INFO = INCLUDE_SOURCE;
				MTL_FAST_MATH = YES;
				ONLY_ACTIVE_ARCH = YES;
				SDKROOT = iphoneos;
				SWIFT_ACTIVE_COMPILATION_CONDITIONS = "DEBUG $(inherited)";
				SWIFT_OPTIMIZATION_LEVEL = "-Onone";
			};
			name = Debug;
		};
		0296A9FE2BF2C35B0060E229 /* Release */ = {
			isa = XCBuildConfiguration;
			buildSettings = {
				ALWAYS_SEARCH_USER_PATHS = NO;
				ASSETCATALOG_COMPILER_GENERATE_SWIFT_ASSET_SYMBOL_EXTENSIONS = YES;
				CLANG_ANALYZER_NONNULL = YES;
				CLANG_ANALYZER_NUMBER_OBJECT_CONVERSION = YES_AGGRESSIVE;
				CLANG_CXX_LANGUAGE_STANDARD = "gnu++20";
				CLANG_ENABLE_MODULES = YES;
				CLANG_ENABLE_OBJC_ARC = YES;
				CLANG_ENABLE_OBJC_WEAK = YES;
				CLANG_WARN_BLOCK_CAPTURE_AUTORELEASING = YES;
				CLANG_WARN_BOOL_CONVERSION = YES;
				CLANG_WARN_COMMA = YES;
				CLANG_WARN_CONSTANT_CONVERSION = YES;
				CLANG_WARN_DEPRECATED_OBJC_IMPLEMENTATIONS = YES;
				CLANG_WARN_DIRECT_OBJC_ISA_USAGE = YES_ERROR;
				CLANG_WARN_DOCUMENTATION_COMMENTS = YES;
				CLANG_WARN_EMPTY_BODY = YES;
				CLANG_WARN_ENUM_CONVERSION = YES;
				CLANG_WARN_INFINITE_RECURSION = YES;
				CLANG_WARN_INT_CONVERSION = YES;
				CLANG_WARN_NON_LITERAL_NULL_CONVERSION = YES;
				CLANG_WARN_OBJC_IMPLICIT_RETAIN_SELF = YES;
				CLANG_WARN_OBJC_LITERAL_CONVERSION = YES;
				CLANG_WARN_OBJC_ROOT_CLASS = YES_ERROR;
				CLANG_WARN_QUOTED_INCLUDE_IN_FRAMEWORK_HEADER = YES;
				CLANG_WARN_RANGE_LOOP_ANALYSIS = YES;
				CLANG_WARN_STRICT_PROTOTYPES = YES;
				CLANG_WARN_SUSPICIOUS_MOVE = YES;
				CLANG_WARN_UNGUARDED_AVAILABILITY = YES_AGGRESSIVE;
				CLANG_WARN_UNREACHABLE_CODE = YES;
				CLANG_WARN__DUPLICATE_METHOD_MATCH = YES;
				COPY_PHASE_STRIP = NO;
				DEBUG_INFORMATION_FORMAT = "dwarf-with-dsym";
				ENABLE_NS_ASSERTIONS = NO;
				ENABLE_STRICT_OBJC_MSGSEND = YES;
				ENABLE_USER_SCRIPT_SANDBOXING = YES;
				GCC_C_LANGUAGE_STANDARD = gnu17;
				GCC_NO_COMMON_BLOCKS = YES;
				GCC_WARN_64_TO_32_BIT_CONVERSION = YES;
				GCC_WARN_ABOUT_RETURN_TYPE = YES_ERROR;
				GCC_WARN_UNDECLARED_SELECTOR = YES;
				GCC_WARN_UNINITIALIZED_AUTOS = YES_AGGRESSIVE;
				GCC_WARN_UNUSED_FUNCTION = YES;
				GCC_WARN_UNUSED_VARIABLE = YES;
				IPHONEOS_DEPLOYMENT_TARGET = 17.4;
				LOCALIZATION_PREFERS_STRING_CATALOGS = YES;
				MTL_ENABLE_DEBUG_INFO = NO;
				MTL_FAST_MATH = YES;
				SDKROOT = iphoneos;
				SWIFT_COMPILATION_MODE = wholemodule;
				VALIDATE_PRODUCT = YES;
			};
			name = Release;
		};
		0296AA002BF2C35B0060E229 /* Debug */ = {
			isa = XCBuildConfiguration;
			buildSettings = {
				ALWAYS_EMBED_SWIFT_STANDARD_LIBRARIES = YES;
				ASSETCATALOG_COMPILER_APPICON_NAME = AppIcon;
				ASSETCATALOG_COMPILER_GLOBAL_ACCENT_COLOR_NAME = AccentColor;
				CODE_SIGN_STYLE = Automatic;
				CURRENT_PROJECT_VERSION = 1;
				DEVELOPMENT_ASSET_PATHS = "\"TimeTrackingAttribute/Preview Content\"";
				ENABLE_PREVIEWS = YES;
				GENERATE_INFOPLIST_FILE = YES;
				INFOPLIST_FILE = TimeTrackingAttribute/Info.plist;
				INFOPLIST_KEY_NSSupportsLiveActivities = YES;
				INFOPLIST_KEY_UIApplicationSceneManifest_Generation = YES;
				INFOPLIST_KEY_UIApplicationSupportsIndirectInputEvents = YES;
				INFOPLIST_KEY_UILaunchScreen_Generation = YES;
				INFOPLIST_KEY_UISupportedInterfaceOrientations_iPad = "UIInterfaceOrientationPortrait UIInterfaceOrientationPortraitUpsideDown UIInterfaceOrientationLandscapeLeft UIInterfaceOrientationLandscapeRight";
				INFOPLIST_KEY_UISupportedInterfaceOrientations_iPhone = "UIInterfaceOrientationPortrait UIInterfaceOrientationLandscapeLeft UIInterfaceOrientationLandscapeRight";
				LD_RUNPATH_SEARCH_PATHS = (
					"$(inherited)",
					"@executable_path/Frameworks",
				);
				MARKETING_VERSION = 1.0;
				PRODUCT_BUNDLE_IDENTIFIER = d.TimeTrackingAttribute;
				PRODUCT_NAME = "$(TARGET_NAME)";
				SWIFT_EMIT_LOC_STRINGS = YES;
				SWIFT_VERSION = 5.0;
				TARGETED_DEVICE_FAMILY = "1,2";
			};
			name = Debug;
		};
		0296AA012BF2C35B0060E229 /* Release */ = {
			isa = XCBuildConfiguration;
			buildSettings = {
				ALWAYS_EMBED_SWIFT_STANDARD_LIBRARIES = YES;
				ASSETCATALOG_COMPILER_APPICON_NAME = AppIcon;
				ASSETCATALOG_COMPILER_GLOBAL_ACCENT_COLOR_NAME = AccentColor;
				CODE_SIGN_STYLE = Automatic;
				CURRENT_PROJECT_VERSION = 1;
				DEVELOPMENT_ASSET_PATHS = "\"TimeTrackingAttribute/Preview Content\"";
				ENABLE_PREVIEWS = YES;
				GENERATE_INFOPLIST_FILE = YES;
				INFOPLIST_FILE = TimeTrackingAttribute/Info.plist;
				INFOPLIST_KEY_NSSupportsLiveActivities = YES;
				INFOPLIST_KEY_UIApplicationSceneManifest_Generation = YES;
				INFOPLIST_KEY_UIApplicationSupportsIndirectInputEvents = YES;
				INFOPLIST_KEY_UILaunchScreen_Generation = YES;
				INFOPLIST_KEY_UISupportedInterfaceOrientations_iPad = "UIInterfaceOrientationPortrait UIInterfaceOrientationPortraitUpsideDown UIInterfaceOrientationLandscapeLeft UIInterfaceOrientationLandscapeRight";
				INFOPLIST_KEY_UISupportedInterfaceOrientations_iPhone = "UIInterfaceOrientationPortrait UIInterfaceOrientationLandscapeLeft UIInterfaceOrientationLandscapeRight";
				LD_RUNPATH_SEARCH_PATHS = (
					"$(inherited)",
					"@executable_path/Frameworks",
				);
				MARKETING_VERSION = 1.0;
				PRODUCT_BUNDLE_IDENTIFIER = d.TimeTrackingAttribute;
				PRODUCT_NAME = "$(TARGET_NAME)";
				SWIFT_EMIT_LOC_STRINGS = YES;
				SWIFT_VERSION = 5.0;
				TARGETED_DEVICE_FAMILY = "1,2";
			};
			name = Release;
		};
		0296AA032BF2C35B0060E229 /* Debug */ = {
			isa = XCBuildConfiguration;
			buildSettings = {
				ALWAYS_EMBED_SWIFT_STANDARD_LIBRARIES = YES;
				BUNDLE_LOADER = "$(TEST_HOST)";
				CODE_SIGN_STYLE = Automatic;
				CURRENT_PROJECT_VERSION = 1;
				GENERATE_INFOPLIST_FILE = YES;
				IPHONEOS_DEPLOYMENT_TARGET = 17.4;
				MARKETING_VERSION = 1.0;
				PRODUCT_BUNDLE_IDENTIFIER = d.TimeTrackingAttributeTests;
				PRODUCT_NAME = "$(TARGET_NAME)";
				SWIFT_EMIT_LOC_STRINGS = NO;
				SWIFT_VERSION = 5.0;
				TARGETED_DEVICE_FAMILY = "1,2";
				TEST_HOST = "$(BUILT_PRODUCTS_DIR)/TimeTrackingAttribute.app/$(BUNDLE_EXECUTABLE_FOLDER_PATH)/TimeTrackingAttribute";
			};
			name = Debug;
		};
		0296AA042BF2C35B0060E229 /* Release */ = {
			isa = XCBuildConfiguration;
			buildSettings = {
				ALWAYS_EMBED_SWIFT_STANDARD_LIBRARIES = YES;
				BUNDLE_LOADER = "$(TEST_HOST)";
				CODE_SIGN_STYLE = Automatic;
				CURRENT_PROJECT_VERSION = 1;
				GENERATE_INFOPLIST_FILE = YES;
				IPHONEOS_DEPLOYMENT_TARGET = 17.4;
				MARKETING_VERSION = 1.0;
				PRODUCT_BUNDLE_IDENTIFIER = d.TimeTrackingAttributeTests;
				PRODUCT_NAME = "$(TARGET_NAME)";
				SWIFT_EMIT_LOC_STRINGS = NO;
				SWIFT_VERSION = 5.0;
				TARGETED_DEVICE_FAMILY = "1,2";
				TEST_HOST = "$(BUILT_PRODUCTS_DIR)/TimeTrackingAttribute.app/$(BUNDLE_EXECUTABLE_FOLDER_PATH)/TimeTrackingAttribute";
			};
			name = Release;
		};
		0296AA062BF2C35B0060E229 /* Debug */ = {
			isa = XCBuildConfiguration;
			buildSettings = {
				ALWAYS_EMBED_SWIFT_STANDARD_LIBRARIES = YES;
				CODE_SIGN_STYLE = Automatic;
				CURRENT_PROJECT_VERSION = 1;
				GENERATE_INFOPLIST_FILE = YES;
				MARKETING_VERSION = 1.0;
				PRODUCT_BUNDLE_IDENTIFIER = d.TimeTrackingAttributeUITests;
				PRODUCT_NAME = "$(TARGET_NAME)";
				SWIFT_EMIT_LOC_STRINGS = NO;
				SWIFT_VERSION = 5.0;
				TARGETED_DEVICE_FAMILY = "1,2";
				TEST_TARGET_NAME = TimeTrackingAttribute;
			};
			name = Debug;
		};
		0296AA072BF2C35B0060E229 /* Release */ = {
			isa = XCBuildConfiguration;
			buildSettings = {
				ALWAYS_EMBED_SWIFT_STANDARD_LIBRARIES = YES;
				CODE_SIGN_STYLE = Automatic;
				CURRENT_PROJECT_VERSION = 1;
				GENERATE_INFOPLIST_FILE = YES;
				MARKETING_VERSION = 1.0;
				PRODUCT_BUNDLE_IDENTIFIER = d.TimeTrackingAttributeUITests;
				PRODUCT_NAME = "$(TARGET_NAME)";
				SWIFT_EMIT_LOC_STRINGS = NO;
				SWIFT_VERSION = 5.0;
				TARGETED_DEVICE_FAMILY = "1,2";
				TEST_TARGET_NAME = TimeTrackingAttribute;
			};
			name = Release;
		};
/* End XCBuildConfiguration section */

/* Begin XCConfigurationList section */
		0268E7FD2BF42C0A0039C296 /* Build configuration list for PBXNativeTarget "Tutorial_WidgetExtension" */ = {
			isa = XCConfigurationList;
			buildConfigurations = (
				0268E7FE2BF42C0A0039C296 /* Debug */,
				0268E7FF2BF42C0A0039C296 /* Release */,
			);
			defaultConfigurationIsVisible = 0;
			defaultConfigurationName = Release;
		};
		0296A9D62BF2C3550060E229 /* Build configuration list for PBXProject "TimeTrackingAttribute" */ = {
			isa = XCConfigurationList;
			buildConfigurations = (
				0296A9FD2BF2C35B0060E229 /* Debug */,
				0296A9FE2BF2C35B0060E229 /* Release */,
			);
			defaultConfigurationIsVisible = 0;
			defaultConfigurationName = Release;
		};
		0296A9FF2BF2C35B0060E229 /* Build configuration list for PBXNativeTarget "TimeTrackingAttribute" */ = {
			isa = XCConfigurationList;
			buildConfigurations = (
				0296AA002BF2C35B0060E229 /* Debug */,
				0296AA012BF2C35B0060E229 /* Release */,
			);
			defaultConfigurationIsVisible = 0;
			defaultConfigurationName = Release;
		};
		0296AA022BF2C35B0060E229 /* Build configuration list for PBXNativeTarget "TimeTrackingAttributeTests" */ = {
			isa = XCConfigurationList;
			buildConfigurations = (
				0296AA032BF2C35B0060E229 /* Debug */,
				0296AA042BF2C35B0060E229 /* Release */,
			);
			defaultConfigurationIsVisible = 0;
			defaultConfigurationName = Release;
		};
		0296AA052BF2C35B0060E229 /* Build configuration list for PBXNativeTarget "TimeTrackingAttributeUITests" */ = {
			isa = XCConfigurationList;
			buildConfigurations = (
				0296AA062BF2C35B0060E229 /* Debug */,
				0296AA072BF2C35B0060E229 /* Release */,
			);
			defaultConfigurationIsVisible = 0;
			defaultConfigurationName = Release;
		};
/* End XCConfigurationList section */
	};
	rootObject = 0296A9D32BF2C3550060E229 /* Project object */;
}
